// !$*UTF8*$!
{
	archiveVersion = 1;
	classes = {
	};
	objectVersion = 46;
	objects = {

/* Begin PBXBuildFile section */
		8A22327E16785EC100FB2D2D /* FacebookSDK.framework in Frameworks */ = {isa = PBXBuildFile; fileRef = 8A22327D16785EC100FB2D2D /* FacebookSDK.framework */; };
		8A9DBAE216720FB600547629 /* UIKit.framework in Frameworks */ = {isa = PBXBuildFile; fileRef = 8A9DBAE116720FB600547629 /* UIKit.framework */; };
		8A9DBAE416720FB600547629 /* Foundation.framework in Frameworks */ = {isa = PBXBuildFile; fileRef = 8A9DBAE316720FB600547629 /* Foundation.framework */; };
		8A9DBAE616720FB600547629 /* CoreGraphics.framework in Frameworks */ = {isa = PBXBuildFile; fileRef = 8A9DBAE516720FB600547629 /* CoreGraphics.framework */; };
		8A9DBAEC16720FB600547629 /* InfoPlist.strings in Resources */ = {isa = PBXBuildFile; fileRef = 8A9DBAEA16720FB600547629 /* InfoPlist.strings */; };
		8A9DBAEE16720FB600547629 /* main.m in Sources */ = {isa = PBXBuildFile; fileRef = 8A9DBAED16720FB600547629 /* main.m */; };
		8A9DBAF216720FB600547629 /* AppDelegate.m in Sources */ = {isa = PBXBuildFile; fileRef = 8A9DBAF116720FB600547629 /* AppDelegate.m */; };
		8A9DBAF516720FB600547629 /* ViewController.m in Sources */ = {isa = PBXBuildFile; fileRef = 8A9DBAF416720FB600547629 /* ViewController.m */; };
		CDA55E821675C20800462836 /* Utilites.m in Sources */ = {isa = PBXBuildFile; fileRef = CDA55E811675C20800462836 /* Utilites.m */; };
		CDA55E901675C7AA00462836 /* Accounts.framework in Frameworks */ = {isa = PBXBuildFile; fileRef = CDA55E8B1675C77300462836 /* Accounts.framework */; };
		CDA55E911675C7B200462836 /* Twitter.framework in Frameworks */ = {isa = PBXBuildFile; fileRef = CDA55E8E1675C78200462836 /* Twitter.framework */; };
		CDA55E9F1675D44700462836 /* TwitterManger.m in Sources */ = {isa = PBXBuildFile; fileRef = CDA55E9E1675D44700462836 /* TwitterManger.m */; };
		CDA55EA61675EB4E00462836 /* Reachability.m in Sources */ = {isa = PBXBuildFile; fileRef = CDA55EA51675EB4E00462836 /* Reachability.m */; };
		CDA55EAD1675EC7500462836 /* SystemConfiguration.framework in Frameworks */ = {isa = PBXBuildFile; fileRef = CDA55EA71675EBB600462836 /* SystemConfiguration.framework */; };
		CDA55EB11675F1C800462836 /* TwitterInfo.m in Sources */ = {isa = PBXBuildFile; fileRef = CDA55EB01675F1C800462836 /* TwitterInfo.m */; };
		CDA55EBF1675F60900462836 /* ViewController.xib in Resources */ = {isa = PBXBuildFile; fileRef = CDA55EBE1675F60900462836 /* ViewController.xib */; };
		CDC0628B1676F754000CF523 /* TwitterFriendsTableView.m in Sources */ = {isa = PBXBuildFile; fileRef = CDC0628A1676F754000CF523 /* TwitterFriendsTableView.m */; };
/* End PBXBuildFile section */

/* Begin PBXFileReference section */
		8A22327D16785EC100FB2D2D /* FacebookSDK.framework */ = {isa = PBXFileReference; lastKnownFileType = wrapper.framework; path = FacebookSDK.framework; sourceTree = "<group>"; };
		8A9DBADD16720FB600547629 /* SocialMedia.app */ = {isa = PBXFileReference; explicitFileType = wrapper.application; includeInIndex = 0; path = SocialMedia.app; sourceTree = BUILT_PRODUCTS_DIR; };
		8A9DBAE116720FB600547629 /* UIKit.framework */ = {isa = PBXFileReference; lastKnownFileType = wrapper.framework; name = UIKit.framework; path = System/Library/Frameworks/UIKit.framework; sourceTree = SDKROOT; };
		8A9DBAE316720FB600547629 /* Foundation.framework */ = {isa = PBXFileReference; lastKnownFileType = wrapper.framework; name = Foundation.framework; path = System/Library/Frameworks/Foundation.framework; sourceTree = SDKROOT; };
		8A9DBAE516720FB600547629 /* CoreGraphics.framework */ = {isa = PBXFileReference; lastKnownFileType = wrapper.framework; name = CoreGraphics.framework; path = System/Library/Frameworks/CoreGraphics.framework; sourceTree = SDKROOT; };
		8A9DBAE916720FB600547629 /* SocialMedia-Info.plist */ = {isa = PBXFileReference; lastKnownFileType = text.plist.xml; path = "SocialMedia-Info.plist"; sourceTree = "<group>"; };
		8A9DBAEB16720FB600547629 /* en */ = {isa = PBXFileReference; lastKnownFileType = text.plist.strings; name = en; path = en.lproj/InfoPlist.strings; sourceTree = "<group>"; };
		8A9DBAED16720FB600547629 /* main.m */ = {isa = PBXFileReference; lastKnownFileType = sourcecode.c.objc; path = main.m; sourceTree = "<group>"; };
		8A9DBAEF16720FB600547629 /* SocialMedia-Prefix.pch */ = {isa = PBXFileReference; lastKnownFileType = sourcecode.c.h; path = "SocialMedia-Prefix.pch"; sourceTree = "<group>"; };
		8A9DBAF016720FB600547629 /* AppDelegate.h */ = {isa = PBXFileReference; lastKnownFileType = sourcecode.c.h; path = AppDelegate.h; sourceTree = "<group>"; };
		8A9DBAF116720FB600547629 /* AppDelegate.m */ = {isa = PBXFileReference; lastKnownFileType = sourcecode.c.objc; path = AppDelegate.m; sourceTree = "<group>"; };
		8A9DBAF316720FB600547629 /* ViewController.h */ = {isa = PBXFileReference; lastKnownFileType = sourcecode.c.h; name = ViewController.h; path = ViewControllers/ViewController.h; sourceTree = "<group>"; };
		8A9DBAF416720FB600547629 /* ViewController.m */ = {isa = PBXFileReference; lastKnownFileType = sourcecode.c.objc; name = ViewController.m; path = ViewControllers/ViewController.m; sourceTree = "<group>"; };
		CDA55E801675C20800462836 /* Utilites.h */ = {isa = PBXFileReference; fileEncoding = 4; lastKnownFileType = sourcecode.c.h; name = Utilites.h; path = SocialMedia/Utilites/Utilites.h; sourceTree = "<group>"; };
		CDA55E811675C20800462836 /* Utilites.m */ = {isa = PBXFileReference; fileEncoding = 4; lastKnownFileType = sourcecode.c.objc; name = Utilites.m; path = SocialMedia/Utilites/Utilites.m; sourceTree = "<group>"; };
		CDA55E8B1675C77300462836 /* Accounts.framework */ = {isa = PBXFileReference; lastKnownFileType = wrapper.framework; name = Accounts.framework; path = System/Library/Frameworks/Accounts.framework; sourceTree = SDKROOT; };
		CDA55E8E1675C78200462836 /* Twitter.framework */ = {isa = PBXFileReference; lastKnownFileType = wrapper.framework; name = Twitter.framework; path = System/Library/Frameworks/Twitter.framework; sourceTree = SDKROOT; };
		CDA55E9D1675D44700462836 /* TwitterManger.h */ = {isa = PBXFileReference; fileEncoding = 4; lastKnownFileType = sourcecode.c.h; name = TwitterManger.h; path = MediaManager/TwitterManger.h; sourceTree = "<group>"; };
		CDA55E9E1675D44700462836 /* TwitterManger.m */ = {isa = PBXFileReference; fileEncoding = 4; lastKnownFileType = sourcecode.c.objc; name = TwitterManger.m; path = MediaManager/TwitterManger.m; sourceTree = "<group>"; };
		CDA55EA41675EB4E00462836 /* Reachability.h */ = {isa = PBXFileReference; fileEncoding = 4; lastKnownFileType = sourcecode.c.h; path = Reachability.h; sourceTree = "<group>"; };
		CDA55EA51675EB4E00462836 /* Reachability.m */ = {isa = PBXFileReference; fileEncoding = 4; lastKnownFileType = sourcecode.c.objc; path = Reachability.m; sourceTree = "<group>"; };
		CDA55EA71675EBB600462836 /* SystemConfiguration.framework */ = {isa = PBXFileReference; lastKnownFileType = wrapper.framework; name = SystemConfiguration.framework; path = System/Library/Frameworks/SystemConfiguration.framework; sourceTree = SDKROOT; };
		CDA55EAF1675F1C800462836 /* TwitterInfo.h */ = {isa = PBXFileReference; fileEncoding = 4; lastKnownFileType = sourcecode.c.h; name = TwitterInfo.h; path = Objects/TwitterInfo.h; sourceTree = "<group>"; };
		CDA55EB01675F1C800462836 /* TwitterInfo.m */ = {isa = PBXFileReference; fileEncoding = 4; lastKnownFileType = sourcecode.c.objc; name = TwitterInfo.m; path = Objects/TwitterInfo.m; sourceTree = "<group>"; };
		CDA55EBE1675F60900462836 /* ViewController.xib */ = {isa = PBXFileReference; fileEncoding = 4; lastKnownFileType = file.xib; name = ViewController.xib; path = ViewControllers/ViewController.xib; sourceTree = "<group>"; };
		CDC062891676F754000CF523 /* TwitterFriendsTableView.h */ = {isa = PBXFileReference; fileEncoding = 4; lastKnownFileType = sourcecode.c.h; name = TwitterFriendsTableView.h; path = ViewControllers/TwitterFriendsTableView.h; sourceTree = "<group>"; };
		CDC0628A1676F754000CF523 /* TwitterFriendsTableView.m */ = {isa = PBXFileReference; fileEncoding = 4; lastKnownFileType = sourcecode.c.objc; name = TwitterFriendsTableView.m; path = ViewControllers/TwitterFriendsTableView.m; sourceTree = "<group>"; };
/* End PBXFileReference section */

/* Begin PBXFrameworksBuildPhase section */
		8A9DBADA16720FB600547629 /* Frameworks */ = {
			isa = PBXFrameworksBuildPhase;
			buildActionMask = 2147483647;
			files = (
				CDA55EAD1675EC7500462836 /* SystemConfiguration.framework in Frameworks */,
				CDA55E911675C7B200462836 /* Twitter.framework in Frameworks */,
				CDA55E901675C7AA00462836 /* Accounts.framework in Frameworks */,
				8A9DBAE216720FB600547629 /* UIKit.framework in Frameworks */,
				8A9DBAE416720FB600547629 /* Foundation.framework in Frameworks */,
				8A9DBAE616720FB600547629 /* CoreGraphics.framework in Frameworks */,
				8A22327E16785EC100FB2D2D /* FacebookSDK.framework in Frameworks */,
			);
			runOnlyForDeploymentPostprocessing = 0;
		};
/* End PBXFrameworksBuildPhase section */

/* Begin PBXGroup section */
		8A9DBAD216720FB500547629 = {
			isa = PBXGroup;
			children = (
				CDA55EAE1675F16B00462836 /* Objects */,
				CDA55EA21675EB2E00462836 /* External */,
				8A9DBAE716720FB600547629 /* SocialMedia */,
				8A9DBAE016720FB600547629 /* Frameworks */,
				8A9DBADE16720FB600547629 /* Products */,
			);
			sourceTree = "<group>";
		};
		8A9DBADE16720FB600547629 /* Products */ = {
			isa = PBXGroup;
			children = (
				8A9DBADD16720FB600547629 /* SocialMedia.app */,
			);
			name = Products;
			sourceTree = "<group>";
		};
		8A9DBAE016720FB600547629 /* Frameworks */ = {
			isa = PBXGroup;
			children = (
				8A22327D16785EC100FB2D2D /* FacebookSDK.framework */,
				CDA55EA71675EBB600462836 /* SystemConfiguration.framework */,
				CDA55E8E1675C78200462836 /* Twitter.framework */,
				CDA55E8B1675C77300462836 /* Accounts.framework */,
				8A9DBAE116720FB600547629 /* UIKit.framework */,
				8A9DBAE316720FB600547629 /* Foundation.framework */,
				8A9DBAE516720FB600547629 /* CoreGraphics.framework */,
			);
			name = Frameworks;
			sourceTree = "<group>";
		};
		8A9DBAE716720FB600547629 /* SocialMedia */ = {
			isa = PBXGroup;
			children = (
				CDA55E921675D04B00462836 /* MediaManager */,
				CDA55E7F1675C1DD00462836 /* Utilites */,
				CDA55E941675D13700462836 /* View Controllers */,
				8A9DBAF016720FB600547629 /* AppDelegate.h */,
				8A9DBAF116720FB600547629 /* AppDelegate.m */,
				8A9DBAE816720FB600547629 /* Supporting Files */,
			);
			path = SocialMedia;
			sourceTree = "<group>";
		};
		8A9DBAE816720FB600547629 /* Supporting Files */ = {
			isa = PBXGroup;
			children = (
				8A9DBAE916720FB600547629 /* SocialMedia-Info.plist */,
				8A9DBAEA16720FB600547629 /* InfoPlist.strings */,
				8A9DBAED16720FB600547629 /* main.m */,
				8A9DBAEF16720FB600547629 /* SocialMedia-Prefix.pch */,
			);
			name = "Supporting Files";
			sourceTree = "<group>";
		};
		CDA55E7F1675C1DD00462836 /* Utilites */ = {
			isa = PBXGroup;
			children = (
				CDA55E801675C20800462836 /* Utilites.h */,
				CDA55E811675C20800462836 /* Utilites.m */,
			);
			name = Utilites;
			path = ..;
			sourceTree = "<group>";
		};
		CDA55E921675D04B00462836 /* MediaManager */ = {
			isa = PBXGroup;
			children = (
				CDA55E9D1675D44700462836 /* TwitterManger.h */,
				CDA55E9E1675D44700462836 /* TwitterManger.m */,
			);
			name = MediaManager;
			sourceTree = "<group>";
		};
		CDA55E941675D13700462836 /* View Controllers */ = {
			isa = PBXGroup;
			children = (
				8A9DBAF316720FB600547629 /* ViewController.h */,
				8A9DBAF416720FB600547629 /* ViewController.m */,
				CDA55EBE1675F60900462836 /* ViewController.xib */,
				CDC062891676F754000CF523 /* TwitterFriendsTableView.h */,
				CDC0628A1676F754000CF523 /* TwitterFriendsTableView.m */,
			);
			name = "View Controllers";
			sourceTree = "<group>";
		};
		CDA55EA21675EB2E00462836 /* External */ = {
			isa = PBXGroup;
			children = (
				CDA55EA31675EB4E00462836 /* Rechability */,
			);
			name = External;
			sourceTree = "<group>";
		};
		CDA55EA31675EB4E00462836 /* Rechability */ = {
			isa = PBXGroup;
			children = (
				CDA55EA41675EB4E00462836 /* Reachability.h */,
				CDA55EA51675EB4E00462836 /* Reachability.m */,
			);
			path = Rechability;
			sourceTree = "<group>";
		};
		CDA55EAE1675F16B00462836 /* Objects */ = {
			isa = PBXGroup;
			children = (
				CDA55EAF1675F1C800462836 /* TwitterInfo.h */,
				CDA55EB01675F1C800462836 /* TwitterInfo.m */,
			);
			name = Objects;
			sourceTree = "<group>";
		};
/* End PBXGroup section */

/* Begin PBXNativeTarget section */
		8A9DBADC16720FB600547629 /* SocialMedia */ = {
			isa = PBXNativeTarget;
			buildConfigurationList = 8A9DBAFB16720FB600547629 /* Build configuration list for PBXNativeTarget "SocialMedia" */;
			buildPhases = (
				8A9DBAD916720FB600547629 /* Sources */,
				8A9DBADA16720FB600547629 /* Frameworks */,
				8A9DBADB16720FB600547629 /* Resources */,
			);
			buildRules = (
			);
			dependencies = (
			);
			name = SocialMedia;
			productName = SocialMedia;
			productReference = 8A9DBADD16720FB600547629 /* SocialMedia.app */;
			productType = "com.apple.product-type.application";
		};
/* End PBXNativeTarget section */

/* Begin PBXProject section */
		8A9DBAD416720FB500547629 /* Project object */ = {
			isa = PBXProject;
			attributes = {
				LastUpgradeCheck = 0420;
			};
			buildConfigurationList = 8A9DBAD716720FB500547629 /* Build configuration list for PBXProject "SocialMedia" */;
			compatibilityVersion = "Xcode 3.2";
			developmentRegion = English;
			hasScannedForEncodings = 0;
			knownRegions = (
				en,
			);
			mainGroup = 8A9DBAD216720FB500547629;
			productRefGroup = 8A9DBADE16720FB600547629 /* Products */;
			projectDirPath = "";
			projectRoot = "";
			targets = (
				8A9DBADC16720FB600547629 /* SocialMedia */,
			);
		};
/* End PBXProject section */

/* Begin PBXResourcesBuildPhase section */
		8A9DBADB16720FB600547629 /* Resources */ = {
			isa = PBXResourcesBuildPhase;
			buildActionMask = 2147483647;
			files = (
				8A9DBAEC16720FB600547629 /* InfoPlist.strings in Resources */,
				CDA55EBF1675F60900462836 /* ViewController.xib in Resources */,
			);
			runOnlyForDeploymentPostprocessing = 0;
		};
/* End PBXResourcesBuildPhase section */

/* Begin PBXSourcesBuildPhase section */
		8A9DBAD916720FB600547629 /* Sources */ = {
			isa = PBXSourcesBuildPhase;
			buildActionMask = 2147483647;
			files = (
				8A9DBAEE16720FB600547629 /* main.m in Sources */,
				8A9DBAF216720FB600547629 /* AppDelegate.m in Sources */,
				8A9DBAF516720FB600547629 /* ViewController.m in Sources */,
				CDA55E821675C20800462836 /* Utilites.m in Sources */,
				CDA55E9F1675D44700462836 /* TwitterManger.m in Sources */,
				CDA55EA61675EB4E00462836 /* Reachability.m in Sources */,
				CDA55EB11675F1C800462836 /* TwitterInfo.m in Sources */,
				CDC0628B1676F754000CF523 /* TwitterFriendsTableView.m in Sources */,
			);
			runOnlyForDeploymentPostprocessing = 0;
		};
/* End PBXSourcesBuildPhase section */

/* Begin PBXVariantGroup section */
		8A9DBAEA16720FB600547629 /* InfoPlist.strings */ = {
			isa = PBXVariantGroup;
			children = (
				8A9DBAEB16720FB600547629 /* en */,
			);
			name = InfoPlist.strings;
			sourceTree = "<group>";
		};
/* End PBXVariantGroup section */

/* Begin XCBuildConfiguration section */
		8A9DBAF916720FB600547629 /* Debug */ = {
			isa = XCBuildConfiguration;
			buildSettings = {
				ALWAYS_SEARCH_USER_PATHS = NO;
				ARCHS = "$(ARCHS_STANDARD_32_BIT)";
				"CODE_SIGN_IDENTITY[sdk=iphoneos*]" = "iPhone Developer";
				COPY_PHASE_STRIP = NO;
				GCC_C_LANGUAGE_STANDARD = gnu99;
				GCC_DYNAMIC_NO_PIC = NO;
				GCC_OPTIMIZATION_LEVEL = 0;
				GCC_PREPROCESSOR_DEFINITIONS = (
					"DEBUG=1",
					"$(inherited)",
				);
				GCC_SYMBOLS_PRIVATE_EXTERN = NO;
				GCC_VERSION = com.apple.compilers.llvm.clang.1_0;
				GCC_WARN_ABOUT_MISSING_PROTOTYPES = YES;
				GCC_WARN_ABOUT_RETURN_TYPE = YES;
				GCC_WARN_UNUSED_VARIABLE = YES;
				IPHONEOS_DEPLOYMENT_TARGET = 5.0;
				SDKROOT = iphoneos;
			};
			name = Debug;
		};
		8A9DBAFA16720FB600547629 /* Release */ = {
			isa = XCBuildConfiguration;
			buildSettings = {
				ALWAYS_SEARCH_USER_PATHS = NO;
				ARCHS = "$(ARCHS_STANDARD_32_BIT)";
				"CODE_SIGN_IDENTITY[sdk=iphoneos*]" = "iPhone Developer";
				COPY_PHASE_STRIP = YES;
				GCC_C_LANGUAGE_STANDARD = gnu99;
				GCC_VERSION = com.apple.compilers.llvm.clang.1_0;
				GCC_WARN_ABOUT_MISSING_PROTOTYPES = YES;
				GCC_WARN_ABOUT_RETURN_TYPE = YES;
				GCC_WARN_UNUSED_VARIABLE = YES;
				IPHONEOS_DEPLOYMENT_TARGET = 5.0;
				OTHER_CFLAGS = "-DNS_BLOCK_ASSERTIONS=1";
				SDKROOT = iphoneos;
				VALIDATE_PRODUCT = YES;
			};
			name = Release;
		};
		8A9DBAFC16720FB600547629 /* Debug */ = {
			isa = XCBuildConfiguration;
			buildSettings = {
				FRAMEWORK_SEARCH_PATHS = (
					"$(inherited)",
					"\"$(SRCROOT)\"",
				);
				GCC_PRECOMPILE_PREFIX_HEADER = YES;
				GCC_PREFIX_HEADER = "SocialMedia/SocialMedia-Prefix.pch";
				INFOPLIST_FILE = "SocialMedia/SocialMedia-Info.plist";
				OTHER_LDFLAGS = "-lsqlite3.0";
				PRODUCT_NAME = "$(TARGET_NAME)";
				WRAPPER_EXTENSION = app;
			};
			name = Debug;
		};
		8A9DBAFD16720FB600547629 /* Release */ = {
			isa = XCBuildConfiguration;
			buildSettings = {
				FRAMEWORK_SEARCH_PATHS = (
					"$(inherited)",
					"\"$(SRCROOT)\"",
				);
				GCC_PRECOMPILE_PREFIX_HEADER = YES;
				GCC_PREFIX_HEADER = "SocialMedia/SocialMedia-Prefix.pch";
				INFOPLIST_FILE = "SocialMedia/SocialMedia-Info.plist";
				OTHER_LDFLAGS = "-lsqlite3.0";
				PRODUCT_NAME = "$(TARGET_NAME)";
				WRAPPER_EXTENSION = app;
			};
			name = Release;
		};
/* End XCBuildConfiguration section */

/* Begin XCConfigurationList section */
		8A9DBAD716720FB500547629 /* Build configuration list for PBXProject "SocialMedia" */ = {
			isa = XCConfigurationList;
			buildConfigurations = (
				8A9DBAF916720FB600547629 /* Debug */,
				8A9DBAFA16720FB600547629 /* Release */,
			);
			defaultConfigurationIsVisible = 0;
			defaultConfigurationName = Release;
		};
		8A9DBAFB16720FB600547629 /* Build configuration list for PBXNativeTarget "SocialMedia" */ = {
			isa = XCConfigurationList;
			buildConfigurations = (
				8A9DBAFC16720FB600547629 /* Debug */,
				8A9DBAFD16720FB600547629 /* Release */,
			);
			defaultConfigurationIsVisible = 0;
			defaultConfigurationName = Release;
		};
/* End XCConfigurationList section */
	};
	rootObject = 8A9DBAD416720FB500547629 /* Project object */;
}
